
Microsoft Visual Studio Solution File, Format Version 12.00
# Visual Studio Version 17
VisualStudioVersion = 17.2.32526.322
MinimumVisualStudioVersion = 10.0.40219.1
Project("{FAE04EC0-301F-11D3-BF4B-00C04F79EFBC}") = "ServiceTypeServiceTests", "ServiceTypeServiceTests\ServiceTypeServiceTests.csproj", "{0DBEA602-1AE1-477C-887E-60E721C2FE7C}"
EndProject
Project("{FAE04EC0-301F-11D3-BF4B-00C04F79EFBC}") = "ServiceTypeService", "ServiceTypeService\ServiceTypeService.csproj", "{26177022-A750-462F-9954-E213B7DFD97F}"
EndProject
Project("{FAE04EC0-301F-11D3-BF4B-00C04F79EFBC}") = "ServiceType", "ServiceType\ServiceType.csproj", "{38072044-09A0-4DC0-AF31-9603120F62BA}"
EndProject
Global
	GlobalSection(SolutionConfigurationPlatforms) = preSolution
		Debug|Any CPU = Debug|Any CPU
		Release|Any CPU = Release|Any CPU
	EndGlobalSection
	GlobalSection(ProjectConfigurationPlatforms) = postSolution
		{0DBEA602-1AE1-477C-887E-60E721C2FE7C}.Debug|Any CPU.ActiveCfg = Debug|Any CPU
		{0DBEA602-1AE1-477C-887E-60E721C2FE7C}.Debug|Any CPU.Build.0 = Debug|Any CPU
		{0DBEA602-1AE1-477C-887E-60E721C2FE7C}.Release|Any CPU.ActiveCfg = Release|Any CPU
		{0DBEA602-1AE1-477C-887E-60E721C2FE7C}.Release|Any CPU.Build.0 = Release|Any CPU
		{26177022-A750-462F-9954-E213B7DFD97F}.Debug|Any CPU.ActiveCfg = Debug|Any CPU
		{26177022-A750-462F-9954-E213B7DFD97F}.Debug|Any CPU.Build.0 = Debug|Any CPU
		{26177022-A750-462F-9954-E213B7DFD97F}.Release|Any CPU.ActiveCfg = Release|Any CPU
		{26177022-A750-462F-9954-E213B7DFD97F}.Release|Any CPU.Build.0 = Release|Any CPU
		{38072044-09A0-4DC0-AF31-9603120F62BA}.Debug|Any CPU.ActiveCfg = Debug|Any CPU
		{38072044-09A0-4DC0-AF31-9603120F62BA}.Debug|Any CPU.Build.0 = Debug|Any CPU
		{38072044-09A0-4DC0-AF31-9603120F62BA}.Release|Any CPU.ActiveCfg = Release|Any CPU
		{38072044-09A0-4DC0-AF31-9603120F62BA}.Release|Any CPU.Build.0 = Release|Any CPU
	EndGlobalSection
	GlobalSection(SolutionProperties) = preSolution
		HideSolutionNode = FALSE
	EndGlobalSection
	GlobalSection(ExtensibilityGlobals) = postSolution
		SolutionGuid = {E3E3DA80-3D91-445B-9931-2C6BF2984144}
	EndGlobalSection
EndGlobal
